
Microsoft Visual Studio Solution File, Format Version 12.00
# Visual Studio 15
VisualStudioVersion = 15.0.28010.2050
MinimumVisualStudioVersion = 10.0.40219.1
Project("{9A19103F-16F7-4668-BE54-9A1E7A4F7556}") = "IntegrationTests", "IntegrationTests\IntegrationTests.csproj", "{85094523-2866-4CC8-8749-B5319A245EAA}"
EndProject
Project("{9A19103F-16F7-4668-BE54-9A1E7A4F7556}") = "WebApi", "WebApi\WebApi.csproj", "{994D40EB-2944-4437-9B41-D31A8C4E9C33}"
EndProject
Global
	GlobalSection(SolutionConfigurationPlatforms) = preSolution
		Debug|Any CPU = Debug|Any CPU
		Release|Any CPU = Release|Any CPU
	EndGlobalSection
	GlobalSection(ProjectConfigurationPlatforms) = postSolution
		{85094523-2866-4CC8-8749-B5319A245EAA}.Debug|Any CPU.ActiveCfg = Debug|Any CPU
		{85094523-2866-4CC8-8749-B5319A245EAA}.Debug|Any CPU.Build.0 = Debug|Any CPU
		{85094523-2866-4CC8-8749-B5319A245EAA}.Release|Any CPU.ActiveCfg = Release|Any CPU
		{85094523-2866-4CC8-8749-B5319A245EAA}.Release|Any CPU.Build.0 = Release|Any CPU
		{994D40EB-2944-4437-9B41-D31A8C4E9C33}.Debug|Any CPU.ActiveCfg = Debug|Any CPU
		{994D40EB-2944-4437-9B41-D31A8C4E9C33}.Debug|Any CPU.Build.0 = Debug|Any CPU
		{994D40EB-2944-4437-9B41-D31A8C4E9C33}.Release|Any CPU.ActiveCfg = Release|Any CPU
		{994D40EB-2944-4437-9B41-D31A8C4E9C33}.Release|Any CPU.Build.0 = Release|Any CPU
	EndGlobalSection
	GlobalSection(SolutionProperties) = preSolution
		HideSolutionNode = FALSE
	EndGlobalSection
	GlobalSection(ExtensibilityGlobals) = postSolution
		SolutionGuid = {7CDF4A54-F29C-4179-B1FB-AB0769F46728}
	EndGlobalSection
EndGlobal
